{
  "pins" : [
    {
      "identity" : "disposable",
      "kind" : "remoteSourceControl",
      "location" : "https://github.com/GoodHatsLLC/Disposable.git",
      "state" : {
        "revision" : "2b6db4e812dc2dddb7743251224c29308976b3e3",
        "version" : "0.8.0"
      }
    },
    {
      "identity" : "emitter",
      "kind" : "remoteSourceControl",
      "location" : "https://github.com/GoodHatsLLC/Emitter.git",
      "state" : {
        "revision" : "a6180c53f824aa5829dfd0992595891a8652b530",
        "version" : "0.8.4"
      }
    },
    {
      "identity" : "swift-collections",
      "kind" : "remoteSourceControl",
      "location" : "https://github.com/apple/swift-collections.git",
      "state" : {
        "branch" : "release/1.1",
        "revision" : "84f51c2b9982f26f3dc4458c2ae55bf7109ec6b9"
      }
    },
    {
      "identity" : "swift-docc-plugin",
      "kind" : "remoteSourceControl",
      "location" : "https://github.com/apple/swift-docc-plugin",
      "state" : {
        "revision" : "9b1258905c21fc1b97bf03d1b4ca12c4ec4e5fda",
        "version" : "1.2.0"
      }
    },
    {
      "identity" : "swift-docc-symbolkit",
      "kind" : "remoteSourceControl",
      "location" : "https://github.com/apple/swift-docc-symbolkit",
      "state" : {
        "revision" : "b45d1f2ed151d057b54504d653e0da5552844e34",
        "version" : "1.0.0"
      }
    }
  ],
  "version" : 2
}
