{
  "pins" : [
    {
      "identity" : "disposable",
      "kind" : "remoteSourceControl",
      "location" : "https://github.com/GoodHatsLLC/Disposable.git",
      "state" : {
        "revision" : "2b6db4e812dc2dddb7743251224c29308976b3e3",
        "version" : "0.8.0"
      }
    },
    {
      "identity" : "emitter",
      "kind" : "remoteSourceControl",
      "location" : "https://github.com/GoodHatsLLC/Emitter.git",
      "state" : {
        "revision" : "84614b2f05e51deb1ada3bd9fc36bf431bc25e44",
        "version" : "0.8.5"
      }
    },
    {
      "identity" : "swift-collections-v1_1-fork",
      "kind" : "remoteSourceControl",
      "location" : "https://github.com/GoodHatsLLC/swift-collections-v1_1-fork.git",
      "state" : {
        "revision" : "d8003787efafa82f9805594bc51100be29ac6903",
        "version" : "1.1.0"
      }
    },
    {
      "identity" : "swift-docc-plugin",
      "kind" : "remoteSourceControl",
      "location" : "https://github.com/apple/swift-docc-plugin",
      "state" : {
        "revision" : "9b1258905c21fc1b97bf03d1b4ca12c4ec4e5fda",
        "version" : "1.2.0"
      }
    },
    {
      "identity" : "swift-docc-symbolkit",
      "kind" : "remoteSourceControl",
      "location" : "https://github.com/apple/swift-docc-symbolkit",
      "state" : {
        "revision" : "b45d1f2ed151d057b54504d653e0da5552844e34",
        "version" : "1.0.0"
      }
    }
  ],
  "version" : 2
}
